
Microsoft Visual Studio Solution File, Format Version 12.00
# Visual Studio Version 17
VisualStudioVersion = 17.11.35327.3
MinimumVisualStudioVersion = 10.0.40219.1
Project("{FAE04EC0-301F-11D3-BF4B-00C04F79EFBC}") = "EaseeRisk", "EaseeRisk\EaseeRisk.csproj", "{A8494591-850D-4B84-8259-B7DEFD1D0536}"
EndProject
Project("{FAE04EC0-301F-11D3-BF4B-00C04F79EFBC}") = "EaseeRisk-UI", "EaseeRisk-UI\EaseeRisk-UI.csproj", "{84CF6FCB-4AA4-44D5-8C40-C4A6964888E0}"
EndProject
Project("{FAE04EC0-301F-11D3-BF4B-00C04F79EFBC}") = "EaseeRisk.Client", "EaseeRisk.Client\EaseeRisk.Client.csproj", "{16356271-511E-4F88-907E-99D818002ADF}"
EndProject
Project("{FAE04EC0-301F-11D3-BF4B-00C04F79EFBC}") = "EaseeRisk.Model", "EaseeRisk.Model\EaseeRisk.Model.csproj", "{5531E431-19E1-409D-B5E5-09B6DE20BA3E}"
EndProject
Global
	GlobalSection(SolutionConfigurationPlatforms) = preSolution
		Debug|Any CPU = Debug|Any CPU
		Release|Any CPU = Release|Any CPU
	EndGlobalSection
	GlobalSection(ProjectConfigurationPlatforms) = postSolution
		{A8494591-850D-4B84-8259-B7DEFD1D0536}.Debug|Any CPU.ActiveCfg = Debug|Any CPU
		{A8494591-850D-4B84-8259-B7DEFD1D0536}.Debug|Any CPU.Build.0 = Debug|Any CPU
		{A8494591-850D-4B84-8259-B7DEFD1D0536}.Release|Any CPU.ActiveCfg = Release|Any CPU
		{A8494591-850D-4B84-8259-B7DEFD1D0536}.Release|Any CPU.Build.0 = Release|Any CPU
		{84CF6FCB-4AA4-44D5-8C40-C4A6964888E0}.Debug|Any CPU.ActiveCfg = Debug|Any CPU
		{84CF6FCB-4AA4-44D5-8C40-C4A6964888E0}.Debug|Any CPU.Build.0 = Debug|Any CPU
		{84CF6FCB-4AA4-44D5-8C40-C4A6964888E0}.Release|Any CPU.ActiveCfg = Release|Any CPU
		{84CF6FCB-4AA4-44D5-8C40-C4A6964888E0}.Release|Any CPU.Build.0 = Release|Any CPU
		{16356271-511E-4F88-907E-99D818002ADF}.Debug|Any CPU.ActiveCfg = Debug|Any CPU
		{16356271-511E-4F88-907E-99D818002ADF}.Debug|Any CPU.Build.0 = Debug|Any CPU
		{16356271-511E-4F88-907E-99D818002ADF}.Release|Any CPU.ActiveCfg = Release|Any CPU
		{16356271-511E-4F88-907E-99D818002ADF}.Release|Any CPU.Build.0 = Release|Any CPU
		{5531E431-19E1-409D-B5E5-09B6DE20BA3E}.Debug|Any CPU.ActiveCfg = Debug|Any CPU
		{5531E431-19E1-409D-B5E5-09B6DE20BA3E}.Debug|Any CPU.Build.0 = Debug|Any CPU
		{5531E431-19E1-409D-B5E5-09B6DE20BA3E}.Release|Any CPU.ActiveCfg = Release|Any CPU
		{5531E431-19E1-409D-B5E5-09B6DE20BA3E}.Release|Any CPU.Build.0 = Release|Any CPU
	EndGlobalSection
	GlobalSection(SolutionProperties) = preSolution
		HideSolutionNode = FALSE
	EndGlobalSection
	GlobalSection(ExtensibilityGlobals) = postSolution
		SolutionGuid = {18BF22A5-DBD0-4A90-B0DC-8E765FEF8438}
	EndGlobalSection
EndGlobal
